
Microsoft Visual Studio Solution File, Format Version 12.00
# Visual Studio Version 17
VisualStudioVersion = 17.0.31903.59
MinimumVisualStudioVersion = 10.0.40219.1
Project("{FAE04EC0-301F-11D3-BF4B-00C04F79EFBC}") = "Daminh.Domain", "Daminh.Domain\Daminh.Domain.csproj", "{88775165-16BD-4CF9-B7B1-CB49F69547CE}"
EndProject
Project("{FAE04EC0-301F-11D3-BF4B-00C04F79EFBC}") = "Daminh.Application", "Daminh.Application\Daminh.Application.csproj", "{D1BFBC9B-1C50-4AB8-AC12-8C526506DF6B}"
EndProject
Project("{FAE04EC0-301F-11D3-BF4B-00C04F79EFBC}") = "Daminh.Infrastructure", "Daminh.Infrastructure\Daminh.Infrastructure.csproj", "{92D6F029-4FF6-456F-AC83-AE91F3AF89F1}"
EndProject
Project("{FAE04EC0-301F-11D3-BF4B-00C04F79EFBC}") = "Daminh.API", "Daminh.API\Daminh.API.csproj", "{3B55F760-5303-4309-9177-3B8D07204810}"
EndProject
Global
	GlobalSection(SolutionConfigurationPlatforms) = preSolution
		Debug|Any CPU = Debug|Any CPU
		Debug|x64 = Debug|x64
		Debug|x86 = Debug|x86
		Release|Any CPU = Release|Any CPU
		Release|x64 = Release|x64
		Release|x86 = Release|x86
	EndGlobalSection
	GlobalSection(ProjectConfigurationPlatforms) = postSolution
		{88775165-16BD-4CF9-B7B1-CB49F69547CE}.Debug|Any CPU.ActiveCfg = Debug|Any CPU
		{88775165-16BD-4CF9-B7B1-CB49F69547CE}.Debug|Any CPU.Build.0 = Debug|Any CPU
		{88775165-16BD-4CF9-B7B1-CB49F69547CE}.Debug|x64.ActiveCfg = Debug|Any CPU
		{88775165-16BD-4CF9-B7B1-CB49F69547CE}.Debug|x64.Build.0 = Debug|Any CPU
		{88775165-16BD-4CF9-B7B1-CB49F69547CE}.Debug|x86.ActiveCfg = Debug|Any CPU
		{88775165-16BD-4CF9-B7B1-CB49F69547CE}.Debug|x86.Build.0 = Debug|Any CPU
		{88775165-16BD-4CF9-B7B1-CB49F69547CE}.Release|Any CPU.ActiveCfg = Release|Any CPU
		{88775165-16BD-4CF9-B7B1-CB49F69547CE}.Release|Any CPU.Build.0 = Release|Any CPU
		{88775165-16BD-4CF9-B7B1-CB49F69547CE}.Release|x64.ActiveCfg = Release|Any CPU
		{88775165-16BD-4CF9-B7B1-CB49F69547CE}.Release|x64.Build.0 = Release|Any CPU
		{88775165-16BD-4CF9-B7B1-CB49F69547CE}.Release|x86.ActiveCfg = Release|Any CPU
		{88775165-16BD-4CF9-B7B1-CB49F69547CE}.Release|x86.Build.0 = Release|Any CPU
		{D1BFBC9B-1C50-4AB8-AC12-8C526506DF6B}.Debug|Any CPU.ActiveCfg = Debug|Any CPU
		{D1BFBC9B-1C50-4AB8-AC12-8C526506DF6B}.Debug|Any CPU.Build.0 = Debug|Any CPU
		{D1BFBC9B-1C50-4AB8-AC12-8C526506DF6B}.Debug|x64.ActiveCfg = Debug|Any CPU
		{D1BFBC9B-1C50-4AB8-AC12-8C526506DF6B}.Debug|x64.Build.0 = Debug|Any CPU
		{D1BFBC9B-1C50-4AB8-AC12-8C526506DF6B}.Debug|x86.ActiveCfg = Debug|Any CPU
		{D1BFBC9B-1C50-4AB8-AC12-8C526506DF6B}.Debug|x86.Build.0 = Debug|Any CPU
		{D1BFBC9B-1C50-4AB8-AC12-8C526506DF6B}.Release|Any CPU.ActiveCfg = Release|Any CPU
		{D1BFBC9B-1C50-4AB8-AC12-8C526506DF6B}.Release|Any CPU.Build.0 = Release|Any CPU
		{D1BFBC9B-1C50-4AB8-AC12-8C526506DF6B}.Release|x64.ActiveCfg = Release|Any CPU
		{D1BFBC9B-1C50-4AB8-AC12-8C526506DF6B}.Release|x64.Build.0 = Release|Any CPU
		{D1BFBC9B-1C50-4AB8-AC12-8C526506DF6B}.Release|x86.ActiveCfg = Release|Any CPU
		{D1BFBC9B-1C50-4AB8-AC12-8C526506DF6B}.Release|x86.Build.0 = Release|Any CPU
		{92D6F029-4FF6-456F-AC83-AE91F3AF89F1}.Debug|Any CPU.ActiveCfg = Debug|Any CPU
		{92D6F029-4FF6-456F-AC83-AE91F3AF89F1}.Debug|Any CPU.Build.0 = Debug|Any CPU
		{92D6F029-4FF6-456F-AC83-AE91F3AF89F1}.Debug|x64.ActiveCfg = Debug|Any CPU
		{92D6F029-4FF6-456F-AC83-AE91F3AF89F1}.Debug|x64.Build.0 = Debug|Any CPU
		{92D6F029-4FF6-456F-AC83-AE91F3AF89F1}.Debug|x86.ActiveCfg = Debug|Any CPU
		{92D6F029-4FF6-456F-AC83-AE91F3AF89F1}.Debug|x86.Build.0 = Debug|Any CPU
		{92D6F029-4FF6-456F-AC83-AE91F3AF89F1}.Release|Any CPU.ActiveCfg = Release|Any CPU
		{92D6F029-4FF6-456F-AC83-AE91F3AF89F1}.Release|Any CPU.Build.0 = Release|Any CPU
		{92D6F029-4FF6-456F-AC83-AE91F3AF89F1}.Release|x64.ActiveCfg = Release|Any CPU
		{92D6F029-4FF6-456F-AC83-AE91F3AF89F1}.Release|x64.Build.0 = Release|Any CPU
		{92D6F029-4FF6-456F-AC83-AE91F3AF89F1}.Release|x86.ActiveCfg = Release|Any CPU
		{92D6F029-4FF6-456F-AC83-AE91F3AF89F1}.Release|x86.Build.0 = Release|Any CPU
		{3B55F760-5303-4309-9177-3B8D07204810}.Debug|Any CPU.ActiveCfg = Debug|Any CPU
		{3B55F760-5303-4309-9177-3B8D07204810}.Debug|Any CPU.Build.0 = Debug|Any CPU
		{3B55F760-5303-4309-9177-3B8D07204810}.Debug|x64.ActiveCfg = Debug|Any CPU
		{3B55F760-5303-4309-9177-3B8D07204810}.Debug|x64.Build.0 = Debug|Any CPU
		{3B55F760-5303-4309-9177-3B8D07204810}.Debug|x86.ActiveCfg = Debug|Any CPU
		{3B55F760-5303-4309-9177-3B8D07204810}.Debug|x86.Build.0 = Debug|Any CPU
		{3B55F760-5303-4309-9177-3B8D07204810}.Release|Any CPU.ActiveCfg = Release|Any CPU
		{3B55F760-5303-4309-9177-3B8D07204810}.Release|Any CPU.Build.0 = Release|Any CPU
		{3B55F760-5303-4309-9177-3B8D07204810}.Release|x64.ActiveCfg = Release|Any CPU
		{3B55F760-5303-4309-9177-3B8D07204810}.Release|x64.Build.0 = Release|Any CPU
		{3B55F760-5303-4309-9177-3B8D07204810}.Release|x86.ActiveCfg = Release|Any CPU
		{3B55F760-5303-4309-9177-3B8D07204810}.Release|x86.Build.0 = Release|Any CPU
	EndGlobalSection
	GlobalSection(SolutionProperties) = preSolution
		HideSolutionNode = FALSE
	EndGlobalSection
EndGlobal
